// !$*UTF8*$!
{
	archiveVersion = 1;
	classes = {
	};
	objectVersion = 56;
	objects = {

/* Begin PBXBuildFile section */
		7F0855852CC0012F0081CB51 /* UserModel.swift in Sources */ = {isa = PBXBuildFile; fileRef = 7F0855842CC0012F0081CB51 /* UserModel.swift */; };
		7F1AB5852CC2C2BD00140201 /* LogOutViewController.swift in Sources */ = {isa = PBXBuildFile; fileRef = 7F1AB5842CC2C2BD00140201 /* LogOutViewController.swift */; };
		7F4215262CC02C5E00332D12 /* Extension.swift in Sources */ = {isa = PBXBuildFile; fileRef = 7F4215252CC02C5E00332D12 /* Extension.swift */; };
		7F569DD02CC64E7000B6BFEB /* QuestionsViewController.swift in Sources */ = {isa = PBXBuildFile; fileRef = 7F569DCF2CC64E7000B6BFEB /* QuestionsViewController.swift */; };
		7F569DD22CC64E8600B6BFEB /* LeadershipViewController.swift in Sources */ = {isa = PBXBuildFile; fileRef = 7F569DD12CC64E8600B6BFEB /* LeadershipViewController.swift */; };
		7F569E252CC69A6900B6BFEB /* Questions.swift in Sources */ = {isa = PBXBuildFile; fileRef = 7F569E242CC69A6900B6BFEB /* Questions.swift */; };
		7F569E2A2CC6B02C00B6BFEB /* AnswerCollectionViewCell.xib in Resources */ = {isa = PBXBuildFile; fileRef = 7F569E292CC6B02C00B6BFEB /* AnswerCollectionViewCell.xib */; };
		7F569E2B2CC6B02C00B6BFEB /* AnswerCollectionViewCell.swift in Sources */ = {isa = PBXBuildFile; fileRef = 7F569E282CC6B02C00B6BFEB /* AnswerCollectionViewCell.swift */; };
		7F569E302CC7B1A200B6BFEB /* QuestionCollectionViewCell.xib in Resources */ = {isa = PBXBuildFile; fileRef = 7F569E2F2CC7B1A200B6BFEB /* QuestionCollectionViewCell.xib */; };
		7F569E312CC7B1A200B6BFEB /* QuestionCollectionViewCell.swift in Sources */ = {isa = PBXBuildFile; fileRef = 7F569E2E2CC7B1A200B6BFEB /* QuestionCollectionViewCell.swift */; };
		7FFD9DA62CB27D9800637C66 /* AppDelegate.swift in Sources */ = {isa = PBXBuildFile; fileRef = 7FFD9DA52CB27D9800637C66 /* AppDelegate.swift */; };
		7FFD9DA82CB27D9800637C66 /* SceneDelegate.swift in Sources */ = {isa = PBXBuildFile; fileRef = 7FFD9DA72CB27D9800637C66 /* SceneDelegate.swift */; };
		7FFD9DAA2CB27D9800637C66 /* MainViewController.swift in Sources */ = {isa = PBXBuildFile; fileRef = 7FFD9DA92CB27D9800637C66 /* MainViewController.swift */; };
		7FFD9DAD2CB27D9800637C66 /* Base in Resources */ = {isa = PBXBuildFile; fileRef = 7FFD9DAC2CB27D9800637C66 /* Base */; };
		7FFD9DAF2CB27D9A00637C66 /* Assets.xcassets in Resources */ = {isa = PBXBuildFile; fileRef = 7FFD9DAE2CB27D9A00637C66 /* Assets.xcassets */; };
		7FFD9DB22CB27D9A00637C66 /* Base in Resources */ = {isa = PBXBuildFile; fileRef = 7FFD9DB12CB27D9A00637C66 /* Base */; };
		7FFD9DBC2CB27DCA00637C66 /* Auth.storyboard in Resources */ = {isa = PBXBuildFile; fileRef = 7FFD9DBB2CB27DCA00637C66 /* Auth.storyboard */; };
		7FFD9DC12CB2842D00637C66 /* GetStartedViewController.swift in Sources */ = {isa = PBXBuildFile; fileRef = 7FFD9DC02CB2842D00637C66 /* GetStartedViewController.swift */; };
		7FFD9DC32CB2AC4200637C66 /* LoginViewController.swift in Sources */ = {isa = PBXBuildFile; fileRef = 7FFD9DC22CB2AC4200637C66 /* LoginViewController.swift */; };
		7FFD9DC62CB2BA4500637C66 /* SignUpViewController.swift in Sources */ = {isa = PBXBuildFile; fileRef = 7FFD9DC52CB2BA4500637C66 /* SignUpViewController.swift */; };
/* End PBXBuildFile section */

/* Begin PBXFileReference section */
		7F0855842CC0012F0081CB51 /* UserModel.swift */ = {isa = PBXFileReference; lastKnownFileType = sourcecode.swift; path = UserModel.swift; sourceTree = "<group>"; };
		7F1AB5842CC2C2BD00140201 /* LogOutViewController.swift */ = {isa = PBXFileReference; lastKnownFileType = sourcecode.swift; path = LogOutViewController.swift; sourceTree = "<group>"; };
		7F4215252CC02C5E00332D12 /* Extension.swift */ = {isa = PBXFileReference; lastKnownFileType = sourcecode.swift; path = Extension.swift; sourceTree = "<group>"; };
		7F569DCF2CC64E7000B6BFEB /* QuestionsViewController.swift */ = {isa = PBXFileReference; lastKnownFileType = sourcecode.swift; path = QuestionsViewController.swift; sourceTree = "<group>"; };
		7F569DD12CC64E8600B6BFEB /* LeadershipViewController.swift */ = {isa = PBXFileReference; lastKnownFileType = sourcecode.swift; path = LeadershipViewController.swift; sourceTree = "<group>"; };
		7F569E242CC69A6900B6BFEB /* Questions.swift */ = {isa = PBXFileReference; lastKnownFileType = sourcecode.swift; path = Questions.swift; sourceTree = "<group>"; };
		7F569E282CC6B02C00B6BFEB /* AnswerCollectionViewCell.swift */ = {isa = PBXFileReference; lastKnownFileType = sourcecode.swift; path = AnswerCollectionViewCell.swift; sourceTree = "<group>"; };
		7F569E292CC6B02C00B6BFEB /* AnswerCollectionViewCell.xib */ = {isa = PBXFileReference; lastKnownFileType = file.xib; path = AnswerCollectionViewCell.xib; sourceTree = "<group>"; };
		7F569E2E2CC7B1A200B6BFEB /* QuestionCollectionViewCell.swift */ = {isa = PBXFileReference; lastKnownFileType = sourcecode.swift; path = QuestionCollectionViewCell.swift; sourceTree = "<group>"; };
		7F569E2F2CC7B1A200B6BFEB /* QuestionCollectionViewCell.xib */ = {isa = PBXFileReference; lastKnownFileType = file.xib; path = QuestionCollectionViewCell.xib; sourceTree = "<group>"; };
		7FFD9DA22CB27D9800637C66 /* Milioner.app */ = {isa = PBXFileReference; explicitFileType = wrapper.application; includeInIndex = 0; path = Milioner.app; sourceTree = BUILT_PRODUCTS_DIR; };
		7FFD9DA52CB27D9800637C66 /* AppDelegate.swift */ = {isa = PBXFileReference; lastKnownFileType = sourcecode.swift; path = AppDelegate.swift; sourceTree = "<group>"; };
		7FFD9DA72CB27D9800637C66 /* SceneDelegate.swift */ = {isa = PBXFileReference; lastKnownFileType = sourcecode.swift; path = SceneDelegate.swift; sourceTree = "<group>"; };
		7FFD9DA92CB27D9800637C66 /* MainViewController.swift */ = {isa = PBXFileReference; lastKnownFileType = sourcecode.swift; path = MainViewController.swift; sourceTree = "<group>"; };
		7FFD9DAC2CB27D9800637C66 /* Base */ = {isa = PBXFileReference; lastKnownFileType = file.storyboard; name = Base; path = Base.lproj/Main.storyboard; sourceTree = "<group>"; };
		7FFD9DAE2CB27D9A00637C66 /* Assets.xcassets */ = {isa = PBXFileReference; lastKnownFileType = folder.assetcatalog; path = Assets.xcassets; sourceTree = "<group>"; };
		7FFD9DB12CB27D9A00637C66 /* Base */ = {isa = PBXFileReference; lastKnownFileType = file.storyboard; name = Base; path = Base.lproj/LaunchScreen.storyboard; sourceTree = "<group>"; };
		7FFD9DB32CB27D9A00637C66 /* Info.plist */ = {isa = PBXFileReference; lastKnownFileType = text.plist.xml; path = Info.plist; sourceTree = "<group>"; };
		7FFD9DBB2CB27DCA00637C66 /* Auth.storyboard */ = {isa = PBXFileReference; lastKnownFileType = file.storyboard; path = Auth.storyboard; sourceTree = "<group>"; };
		7FFD9DC02CB2842D00637C66 /* GetStartedViewController.swift */ = {isa = PBXFileReference; lastKnownFileType = sourcecode.swift; path = GetStartedViewController.swift; sourceTree = "<group>"; };
		7FFD9DC22CB2AC4200637C66 /* LoginViewController.swift */ = {isa = PBXFileReference; lastKnownFileType = sourcecode.swift; path = LoginViewController.swift; sourceTree = "<group>"; };
		7FFD9DC52CB2BA4500637C66 /* SignUpViewController.swift */ = {isa = PBXFileReference; lastKnownFileType = sourcecode.swift; path = SignUpViewController.swift; sourceTree = "<group>"; };
/* End PBXFileReference section */

/* Begin PBXFrameworksBuildPhase section */
		7FFD9D9F2CB27D9800637C66 /* Frameworks */ = {
			isa = PBXFrameworksBuildPhase;
			buildActionMask = 2147483647;
			files = (
			);
			runOnlyForDeploymentPostprocessing = 0;
		};
/* End PBXFrameworksBuildPhase section */

/* Begin PBXGroup section */
		7F08557E2CBFF8040081CB51 /* Validations */ = {
			isa = PBXGroup;
			children = (
				7F4215252CC02C5E00332D12 /* Extension.swift */,
			);
			path = Validations;
			sourceTree = "<group>";
		};
		7F0855812CC000CD0081CB51 /* Models */ = {
			isa = PBXGroup;
			children = (
				7F0855842CC0012F0081CB51 /* UserModel.swift */,
			);
			path = Models;
			sourceTree = "<group>";
		};
		7F569DD32CC675C500B6BFEB /* ViewControllers */ = {
			isa = PBXGroup;
			children = (
				7FFD9DA92CB27D9800637C66 /* MainViewController.swift */,
				7F569DCF2CC64E7000B6BFEB /* QuestionsViewController.swift */,
				7F569DD12CC64E8600B6BFEB /* LeadershipViewController.swift */,
				7F1AB5842CC2C2BD00140201 /* LogOutViewController.swift */,
			);
			path = ViewControllers;
			sourceTree = "<group>";
		};
		7F569E262CC69AD700B6BFEB /* QuestionModel */ = {
			isa = PBXGroup;
			children = (
				7F569E242CC69A6900B6BFEB /* Questions.swift */,
			);
			path = QuestionModel;
			sourceTree = "<group>";
		};
		7F569E2C2CC6B03400B6BFEB /* AnswerCollectionViewCell */ = {
			isa = PBXGroup;
			children = (
				7F569E282CC6B02C00B6BFEB /* AnswerCollectionViewCell.swift */,
				7F569E292CC6B02C00B6BFEB /* AnswerCollectionViewCell.xib */,
			);
			path = AnswerCollectionViewCell;
			sourceTree = "<group>";
		};
		7F569E2D2CC7B17D00B6BFEB /* QuestionCollectionViewCell */ = {
			isa = PBXGroup;
			children = (
				7F569E2E2CC7B1A200B6BFEB /* QuestionCollectionViewCell.swift */,
				7F569E2F2CC7B1A200B6BFEB /* QuestionCollectionViewCell.xib */,
			);
			path = QuestionCollectionViewCell;
			sourceTree = "<group>";
		};
		7FFD9D992CB27D9800637C66 = {
			isa = PBXGroup;
			children = (
				7FFD9DA42CB27D9800637C66 /* Milioner */,
				7FFD9DA32CB27D9800637C66 /* Products */,
			);
			sourceTree = "<group>";
		};
		7FFD9DA32CB27D9800637C66 /* Products */ = {
			isa = PBXGroup;
			children = (
				7FFD9DA22CB27D9800637C66 /* Milioner.app */,
			);
			name = Products;
			sourceTree = "<group>";
		};
		7FFD9DA42CB27D9800637C66 /* Milioner */ = {
			isa = PBXGroup;
			children = (
				7FFD9DB92CB27DA200637C66 /* App */,
				7FFD9DBF2CB27E2800637C66 /* Main */,
				7FFD9DBD2CB27DD000637C66 /* Auth */,
				7FFD9DBA2CB27DB400637C66 /* Resources */,
				7FFD9DB32CB27D9A00637C66 /* Info.plist */,
			);
			path = Milioner;
			sourceTree = "<group>";
		};
		7FFD9DB92CB27DA200637C66 /* App */ = {
			isa = PBXGroup;
			children = (
				7FFD9DA52CB27D9800637C66 /* AppDelegate.swift */,
				7FFD9DA72CB27D9800637C66 /* SceneDelegate.swift */,
			);
			path = App;
			sourceTree = "<group>";
		};
		7FFD9DBA2CB27DB400637C66 /* Resources */ = {
			isa = PBXGroup;
			children = (
				7FFD9DAE2CB27D9A00637C66 /* Assets.xcassets */,
				7FFD9DB02CB27D9A00637C66 /* LaunchScreen.storyboard */,
			);
			path = Resources;
			sourceTree = "<group>";
		};
		7FFD9DBD2CB27DD000637C66 /* Auth */ = {
			isa = PBXGroup;
			children = (
				7F08557E2CBFF8040081CB51 /* Validations */,
				7F0855812CC000CD0081CB51 /* Models */,
				7FFD9DBE2CB27DE600637C66 /* ViewControllers */,
				7FFD9DBB2CB27DCA00637C66 /* Auth.storyboard */,
			);
			path = Auth;
			sourceTree = "<group>";
		};
		7FFD9DBE2CB27DE600637C66 /* ViewControllers */ = {
			isa = PBXGroup;
			children = (
				7FFD9DC02CB2842D00637C66 /* GetStartedViewController.swift */,
				7FFD9DC22CB2AC4200637C66 /* LoginViewController.swift */,
				7FFD9DC52CB2BA4500637C66 /* SignUpViewController.swift */,
			);
			path = ViewControllers;
			sourceTree = "<group>";
		};
		7FFD9DBF2CB27E2800637C66 /* Main */ = {
			isa = PBXGroup;
			children = (
				7F569E2D2CC7B17D00B6BFEB /* QuestionCollectionViewCell */,
				7F569E262CC69AD700B6BFEB /* QuestionModel */,
				7F569E2C2CC6B03400B6BFEB /* AnswerCollectionViewCell */,
				7F569DD32CC675C500B6BFEB /* ViewControllers */,
				7FFD9DAB2CB27D9800637C66 /* Main.storyboard */,
			);
			path = Main;
			sourceTree = "<group>";
		};
/* End PBXGroup section */

/* Begin PBXNativeTarget section */
		7FFD9DA12CB27D9800637C66 /* Milioner */ = {
			isa = PBXNativeTarget;
			buildConfigurationList = 7FFD9DB62CB27D9A00637C66 /* Build configuration list for PBXNativeTarget "Milioner" */;
			buildPhases = (
				7FFD9D9E2CB27D9800637C66 /* Sources */,
				7FFD9D9F2CB27D9800637C66 /* Frameworks */,
				7FFD9DA02CB27D9800637C66 /* Resources */,
			);
			buildRules = (
			);
			dependencies = (
			);
			name = Milioner;
			productName = Milioner;
			productReference = 7FFD9DA22CB27D9800637C66 /* Milioner.app */;
			productType = "com.apple.product-type.application";
		};
/* End PBXNativeTarget section */

/* Begin PBXProject section */
		7FFD9D9A2CB27D9800637C66 /* Project object */ = {
			isa = PBXProject;
			attributes = {
				BuildIndependentTargetsInParallel = 1;
				LastSwiftUpdateCheck = 1540;
				LastUpgradeCheck = 1540;
				TargetAttributes = {
					7FFD9DA12CB27D9800637C66 = {
						CreatedOnToolsVersion = 15.4;
					};
				};
			};
			buildConfigurationList = 7FFD9D9D2CB27D9800637C66 /* Build configuration list for PBXProject "Milioner" */;
			compatibilityVersion = "Xcode 14.0";
			developmentRegion = en;
			hasScannedForEncodings = 0;
			knownRegions = (
				en,
				Base,
			);
			mainGroup = 7FFD9D992CB27D9800637C66;
			productRefGroup = 7FFD9DA32CB27D9800637C66 /* Products */;
			projectDirPath = "";
			projectRoot = "";
			targets = (
				7FFD9DA12CB27D9800637C66 /* Milioner */,
			);
		};
/* End PBXProject section */

/* Begin PBXResourcesBuildPhase section */
		7FFD9DA02CB27D9800637C66 /* Resources */ = {
			isa = PBXResourcesBuildPhase;
			buildActionMask = 2147483647;
			files = (
				7F569E302CC7B1A200B6BFEB /* QuestionCollectionViewCell.xib in Resources */,
				7F569E2A2CC6B02C00B6BFEB /* AnswerCollectionViewCell.xib in Resources */,
				7FFD9DBC2CB27DCA00637C66 /* Auth.storyboard in Resources */,
				7FFD9DAF2CB27D9A00637C66 /* Assets.xcassets in Resources */,
				7FFD9DB22CB27D9A00637C66 /* Base in Resources */,
				7FFD9DAD2CB27D9800637C66 /* Base in Resources */,
			);
			runOnlyForDeploymentPostprocessing = 0;
		};
/* End PBXResourcesBuildPhase section */

/* Begin PBXSourcesBuildPhase section */
		7FFD9D9E2CB27D9800637C66 /* Sources */ = {
			isa = PBXSourcesBuildPhase;
			buildActionMask = 2147483647;
			files = (
				7F569E252CC69A6900B6BFEB /* Questions.swift in Sources */,
				7F4215262CC02C5E00332D12 /* Extension.swift in Sources */,
				7F569E312CC7B1A200B6BFEB /* QuestionCollectionViewCell.swift in Sources */,
				7F569E2B2CC6B02C00B6BFEB /* AnswerCollectionViewCell.swift in Sources */,
				7FFD9DC62CB2BA4500637C66 /* SignUpViewController.swift in Sources */,
				7FFD9DAA2CB27D9800637C66 /* MainViewController.swift in Sources */,
				7F1AB5852CC2C2BD00140201 /* LogOutViewController.swift in Sources */,
				7F0855852CC0012F0081CB51 /* UserModel.swift in Sources */,
				7FFD9DA62CB27D9800637C66 /* AppDelegate.swift in Sources */,
				7F569DD22CC64E8600B6BFEB /* LeadershipViewController.swift in Sources */,
				7F569DD02CC64E7000B6BFEB /* QuestionsViewController.swift in Sources */,
				7FFD9DA82CB27D9800637C66 /* SceneDelegate.swift in Sources */,
				7FFD9DC32CB2AC4200637C66 /* LoginViewController.swift in Sources */,
				7FFD9DC12CB2842D00637C66 /* GetStartedViewController.swift in Sources */,
			);
			runOnlyForDeploymentPostprocessing = 0;
		};
/* End PBXSourcesBuildPhase section */

/* Begin PBXVariantGroup section */
		7FFD9DAB2CB27D9800637C66 /* Main.storyboard */ = {
			isa = PBXVariantGroup;
			children = (
				7FFD9DAC2CB27D9800637C66 /* Base */,
			);
			name = Main.storyboard;
			sourceTree = "<group>";
		};
		7FFD9DB02CB27D9A00637C66 /* LaunchScreen.storyboard */ = {
			isa = PBXVariantGroup;
			children = (
				7FFD9DB12CB27D9A00637C66 /* Base */,
			);
			name = LaunchScreen.storyboard;
			sourceTree = "<group>";
		};
/* End PBXVariantGroup section */

/* Begin XCBuildConfiguration section */
		7FFD9DB42CB27D9A00637C66 /* Debug */ = {
			isa = XCBuildConfiguration;
			buildSettings = {
				ALWAYS_SEARCH_USER_PATHS = NO;
				ASSETCATALOG_COMPILER_GENERATE_SWIFT_ASSET_SYMBOL_EXTENSIONS = YES;
				CLANG_ANALYZER_NONNULL = YES;
				CLANG_ANALYZER_NUMBER_OBJECT_CONVERSION = YES_AGGRESSIVE;
				CLANG_CXX_LANGUAGE_STANDARD = "gnu++20";
				CLANG_ENABLE_MODULES = YES;
				CLANG_ENABLE_OBJC_ARC = YES;
				CLANG_ENABLE_OBJC_WEAK = YES;
				CLANG_WARN_BLOCK_CAPTURE_AUTORELEASING = YES;
				CLANG_WARN_BOOL_CONVERSION = YES;
				CLANG_WARN_COMMA = YES;
				CLANG_WARN_CONSTANT_CONVERSION = YES;
				CLANG_WARN_DEPRECATED_OBJC_IMPLEMENTATIONS = YES;
				CLANG_WARN_DIRECT_OBJC_ISA_USAGE = YES_ERROR;
				CLANG_WARN_DOCUMENTATION_COMMENTS = YES;
				CLANG_WARN_EMPTY_BODY = YES;
				CLANG_WARN_ENUM_CONVERSION = YES;
				CLANG_WARN_INFINITE_RECURSION = YES;
				CLANG_WARN_INT_CONVERSION = YES;
				CLANG_WARN_NON_LITERAL_NULL_CONVERSION = YES;
				CLANG_WARN_OBJC_IMPLICIT_RETAIN_SELF = YES;
				CLANG_WARN_OBJC_LITERAL_CONVERSION = YES;
				CLANG_WARN_OBJC_ROOT_CLASS = YES_ERROR;
				CLANG_WARN_QUOTED_INCLUDE_IN_FRAMEWORK_HEADER = YES;
				CLANG_WARN_RANGE_LOOP_ANALYSIS = YES;
				CLANG_WARN_STRICT_PROTOTYPES = YES;
				CLANG_WARN_SUSPICIOUS_MOVE = YES;
				CLANG_WARN_UNGUARDED_AVAILABILITY = YES_AGGRESSIVE;
				CLANG_WARN_UNREACHABLE_CODE = YES;
				CLANG_WARN__DUPLICATE_METHOD_MATCH = YES;
				COPY_PHASE_STRIP = NO;
				DEBUG_INFORMATION_FORMAT = dwarf;
				ENABLE_STRICT_OBJC_MSGSEND = YES;
				ENABLE_TESTABILITY = YES;
				ENABLE_USER_SCRIPT_SANDBOXING = YES;
				GCC_C_LANGUAGE_STANDARD = gnu17;
				GCC_DYNAMIC_NO_PIC = NO;
				GCC_NO_COMMON_BLOCKS = YES;
				GCC_OPTIMIZATION_LEVEL = 0;
				GCC_PREPROCESSOR_DEFINITIONS = (
					"DEBUG=1",
					"$(inherited)",
				);
				GCC_WARN_64_TO_32_BIT_CONVERSION = YES;
				GCC_WARN_ABOUT_RETURN_TYPE = YES_ERROR;
				GCC_WARN_UNDECLARED_SELECTOR = YES;
				GCC_WARN_UNINITIALIZED_AUTOS = YES_AGGRESSIVE;
				GCC_WARN_UNUSED_FUNCTION = YES;
				GCC_WARN_UNUSED_VARIABLE = YES;
				IPHONEOS_DEPLOYMENT_TARGET = 17.5;
				LOCALIZATION_PREFERS_STRING_CATALOGS = YES;
				MTL_ENABLE_DEBUG_INFO = INCLUDE_SOURCE;
				MTL_FAST_MATH = YES;
				ONLY_ACTIVE_ARCH = YES;
				SDKROOT = iphoneos;
				SWIFT_ACTIVE_COMPILATION_CONDITIONS = "DEBUG $(inherited)";
				SWIFT_OPTIMIZATION_LEVEL = "-Onone";
			};
			name = Debug;
		};
		7FFD9DB52CB27D9A00637C66 /* Release */ = {
			isa = XCBuildConfiguration;
			buildSettings = {
				ALWAYS_SEARCH_USER_PATHS = NO;
				ASSETCATALOG_COMPILER_GENERATE_SWIFT_ASSET_SYMBOL_EXTENSIONS = YES;
				CLANG_ANALYZER_NONNULL = YES;
				CLANG_ANALYZER_NUMBER_OBJECT_CONVERSION = YES_AGGRESSIVE;
				CLANG_CXX_LANGUAGE_STANDARD = "gnu++20";
				CLANG_ENABLE_MODULES = YES;
				CLANG_ENABLE_OBJC_ARC = YES;
				CLANG_ENABLE_OBJC_WEAK = YES;
				CLANG_WARN_BLOCK_CAPTURE_AUTORELEASING = YES;
				CLANG_WARN_BOOL_CONVERSION = YES;
				CLANG_WARN_COMMA = YES;
				CLANG_WARN_CONSTANT_CONVERSION = YES;
				CLANG_WARN_DEPRECATED_OBJC_IMPLEMENTATIONS = YES;
				CLANG_WARN_DIRECT_OBJC_ISA_USAGE = YES_ERROR;
				CLANG_WARN_DOCUMENTATION_COMMENTS = YES;
				CLANG_WARN_EMPTY_BODY = YES;
				CLANG_WARN_ENUM_CONVERSION = YES;
				CLANG_WARN_INFINITE_RECURSION = YES;
				CLANG_WARN_INT_CONVERSION = YES;
				CLANG_WARN_NON_LITERAL_NULL_CONVERSION = YES;
				CLANG_WARN_OBJC_IMPLICIT_RETAIN_SELF = YES;
				CLANG_WARN_OBJC_LITERAL_CONVERSION = YES;
				CLANG_WARN_OBJC_ROOT_CLASS = YES_ERROR;
				CLANG_WARN_QUOTED_INCLUDE_IN_FRAMEWORK_HEADER = YES;
				CLANG_WARN_RANGE_LOOP_ANALYSIS = YES;
				CLANG_WARN_STRICT_PROTOTYPES = YES;
				CLANG_WARN_SUSPICIOUS_MOVE = YES;
				CLANG_WARN_UNGUARDED_AVAILABILITY = YES_AGGRESSIVE;
				CLANG_WARN_UNREACHABLE_CODE = YES;
				CLANG_WARN__DUPLICATE_METHOD_MATCH = YES;
				COPY_PHASE_STRIP = NO;
				DEBUG_INFORMATION_FORMAT = "dwarf-with-dsym";
				ENABLE_NS_ASSERTIONS = NO;
				ENABLE_STRICT_OBJC_MSGSEND = YES;
				ENABLE_USER_SCRIPT_SANDBOXING = YES;
				GCC_C_LANGUAGE_STANDARD = gnu17;
				GCC_NO_COMMON_BLOCKS = YES;
				GCC_WARN_64_TO_32_BIT_CONVERSION = YES;
				GCC_WARN_ABOUT_RETURN_TYPE = YES_ERROR;
				GCC_WARN_UNDECLARED_SELECTOR = YES;
				GCC_WARN_UNINITIALIZED_AUTOS = YES_AGGRESSIVE;
				GCC_WARN_UNUSED_FUNCTION = YES;
				GCC_WARN_UNUSED_VARIABLE = YES;
				IPHONEOS_DEPLOYMENT_TARGET = 17.5;
				LOCALIZATION_PREFERS_STRING_CATALOGS = YES;
				MTL_ENABLE_DEBUG_INFO = NO;
				MTL_FAST_MATH = YES;
				SDKROOT = iphoneos;
				SWIFT_COMPILATION_MODE = wholemodule;
				VALIDATE_PRODUCT = YES;
			};
			name = Release;
		};
		7FFD9DB72CB27D9A00637C66 /* Debug */ = {
			isa = XCBuildConfiguration;
			buildSettings = {
				ASSETCATALOG_COMPILER_APPICON_NAME = AppIcon;
				ASSETCATALOG_COMPILER_GLOBAL_ACCENT_COLOR_NAME = AccentColor;
				CODE_SIGN_STYLE = Automatic;
				CURRENT_PROJECT_VERSION = 1;
				DEVELOPMENT_TEAM = 36HW5A3K97;
				GENERATE_INFOPLIST_FILE = YES;
				INFOPLIST_FILE = Milioner/Info.plist;
				INFOPLIST_KEY_UIApplicationSupportsIndirectInputEvents = YES;
				INFOPLIST_KEY_UILaunchStoryboardName = LaunchScreen;
				INFOPLIST_KEY_UIMainStoryboardFile = Main;
				INFOPLIST_KEY_UISupportedInterfaceOrientations_iPad = "UIInterfaceOrientationPortrait UIInterfaceOrientationPortraitUpsideDown UIInterfaceOrientationLandscapeLeft UIInterfaceOrientationLandscapeRight";
				INFOPLIST_KEY_UISupportedInterfaceOrientations_iPhone = "UIInterfaceOrientationPortrait UIInterfaceOrientationLandscapeLeft UIInterfaceOrientationLandscapeRight";
				LD_RUNPATH_SEARCH_PATHS = (
					"$(inherited)",
					"@executable_path/Frameworks",
				);
				MARKETING_VERSION = 1.0;
				PRODUCT_BUNDLE_IDENTIFIER = com.bakhtiyarpirizada.Milioner;
				PRODUCT_NAME = "$(TARGET_NAME)";
				SWIFT_EMIT_LOC_STRINGS = YES;
				SWIFT_VERSION = 5.0;
				TARGETED_DEVICE_FAMILY = "1,2";
			};
			name = Debug;
		};
		7FFD9DB82CB27D9A00637C66 /* Release */ = {
			isa = XCBuildConfiguration;
			buildSettings = {
				ASSETCATALOG_COMPILER_APPICON_NAME = AppIcon;
				ASSETCATALOG_COMPILER_GLOBAL_ACCENT_COLOR_NAME = AccentColor;
				CODE_SIGN_STYLE = Automatic;
				CURRENT_PROJECT_VERSION = 1;
				DEVELOPMENT_TEAM = 36HW5A3K97;
				GENERATE_INFOPLIST_FILE = YES;
				INFOPLIST_FILE = Milioner/Info.plist;
				INFOPLIST_KEY_UIApplicationSupportsIndirectInputEvents = YES;
				INFOPLIST_KEY_UILaunchStoryboardName = LaunchScreen;
				INFOPLIST_KEY_UIMainStoryboardFile = Main;
				INFOPLIST_KEY_UISupportedInterfaceOrientations_iPad = "UIInterfaceOrientationPortrait UIInterfaceOrientationPortraitUpsideDown UIInterfaceOrientationLandscapeLeft UIInterfaceOrientationLandscapeRight";
				INFOPLIST_KEY_UISupportedInterfaceOrientations_iPhone = "UIInterfaceOrientationPortrait UIInterfaceOrientationLandscapeLeft UIInterfaceOrientationLandscapeRight";
				LD_RUNPATH_SEARCH_PATHS = (
					"$(inherited)",
					"@executable_path/Frameworks",
				);
				MARKETING_VERSION = 1.0;
				PRODUCT_BUNDLE_IDENTIFIER = com.bakhtiyarpirizada.Milioner;
				PRODUCT_NAME = "$(TARGET_NAME)";
				SWIFT_EMIT_LOC_STRINGS = YES;
				SWIFT_VERSION = 5.0;
				TARGETED_DEVICE_FAMILY = "1,2";
			};
			name = Release;
		};
/* End XCBuildConfiguration section */

/* Begin XCConfigurationList section */
		7FFD9D9D2CB27D9800637C66 /* Build configuration list for PBXProject "Milioner" */ = {
			isa = XCConfigurationList;
			buildConfigurations = (
				7FFD9DB42CB27D9A00637C66 /* Debug */,
				7FFD9DB52CB27D9A00637C66 /* Release */,
			);
			defaultConfigurationIsVisible = 0;
			defaultConfigurationName = Release;
		};
		7FFD9DB62CB27D9A00637C66 /* Build configuration list for PBXNativeTarget "Milioner" */ = {
			isa = XCConfigurationList;
			buildConfigurations = (
				7FFD9DB72CB27D9A00637C66 /* Debug */,
				7FFD9DB82CB27D9A00637C66 /* Release */,
			);
			defaultConfigurationIsVisible = 0;
			defaultConfigurationName = Release;
		};
/* End XCConfigurationList section */
	};
	rootObject = 7FFD9D9A2CB27D9800637C66 /* Project object */;
}
